// !$*UTF8*$!
{
	archiveVersion = 1;
	classes = {
	};
	objectVersion = 46;
	objects = {

/* Begin PBXBuildFile section */
		9E7198701C87C76D00A4C980 /* AppDelegate.swift in Sources */ = {isa = PBXBuildFile; fileRef = 9E71986F1C87C76D00A4C980 /* AppDelegate.swift */; };
		9E7198721C87C76D00A4C980 /* ViewController.swift in Sources */ = {isa = PBXBuildFile; fileRef = 9E7198711C87C76D00A4C980 /* ViewController.swift */; };
		9E7198751C87C76D00A4C980 /* Main.storyboard in Resources */ = {isa = PBXBuildFile; fileRef = 9E7198731C87C76D00A4C980 /* Main.storyboard */; };
		9E7198771C87C76D00A4C980 /* Assets.xcassets in Resources */ = {isa = PBXBuildFile; fileRef = 9E7198761C87C76D00A4C980 /* Assets.xcassets */; };
		9E71987A1C87C76D00A4C980 /* LaunchScreen.storyboard in Resources */ = {isa = PBXBuildFile; fileRef = 9E7198781C87C76D00A4C980 /* LaunchScreen.storyboard */; };
/* End PBXBuildFile section */

/* Begin PBXFileReference section */
		9E71986C1C87C76D00A4C980 /* test 2.app */ = {isa = PBXFileReference; explicitFileType = wrapper.application; includeInIndex = 0; path = "test 2.app"; sourceTree = BUILT_PRODUCTS_DIR; };
		9E71986F1C87C76D00A4C980 /* AppDelegate.swift */ = {isa = PBXFileReference; lastKnownFileType = sourcecode.swift; path = AppDelegate.swift; sourceTree = "<group>"; };
		9E7198711C87C76D00A4C980 /* ViewController.swift */ = {isa = PBXFileReference; lastKnownFileType = sourcecode.swift; path = ViewController.swift; sourceTree = "<group>"; };
		9E7198741C87C76D00A4C980 /* Base */ = {isa = PBXFileReference; lastKnownFileType = file.storyboard; name = Base; path = Base.lproj/Main.storyboard; sourceTree = "<group>"; };
		9E7198761C87C76D00A4C980 /* Assets.xcassets */ = {isa = PBXFileReference; lastKnownFileType = folder.assetcatalog; path = Assets.xcassets; sourceTree = "<group>"; };
		9E7198791C87C76D00A4C980 /* Base */ = {isa = PBXFileReference; lastKnownFileType = file.storyboard; name = Base; path = Base.lproj/LaunchScreen.storyboard; sourceTree = "<group>"; };
		9E71987B1C87C76D00A4C980 /* Info.plist */ = {isa = PBXFileReference; lastKnownFileType = text.plist.xml; path = Info.plist; sourceTree = "<group>"; };
/* End PBXFileReference section */

/* Begin PBXFrameworksBuildPhase section */
		9E7198691C87C76D00A4C980 /* Frameworks */ = {
			isa = PBXFrameworksBuildPhase;
			buildActionMask = 2147483647;
			files = (
			);
			runOnlyForDeploymentPostprocessing = 0;
		};
/* End PBXFrameworksBuildPhase section */

/* Begin PBXGroup section */
		9E7198631C87C76D00A4C980 = {
			isa = PBXGroup;
			children = (
				9E71986E1C87C76D00A4C980 /* test 2 */,
				9E71986D1C87C76D00A4C980 /* Products */,
			);
			sourceTree = "<group>";
		};
		9E71986D1C87C76D00A4C980 /* Products */ = {
			isa = PBXGroup;
			children = (
				9E71986C1C87C76D00A4C980 /* test 2.app */,
			);
			name = Products;
			sourceTree = "<group>";
		};
		9E71986E1C87C76D00A4C980 /* test 2 */ = {
			isa = PBXGroup;
			children = (
				9E71986F1C87C76D00A4C980 /* AppDelegate.swift */,
				9E7198711C87C76D00A4C980 /* ViewController.swift */,
				9E7198731C87C76D00A4C980 /* Main.storyboard */,
				9E7198761C87C76D00A4C980 /* Assets.xcassets */,
				9E7198781C87C76D00A4C980 /* LaunchScreen.storyboard */,
				9E71987B1C87C76D00A4C980 /* Info.plist */,
			);
			path = "test 2";
			sourceTree = "<group>";
		};
/* End PBXGroup section */

/* Begin PBXNativeTarget section */
		9E71986B1C87C76D00A4C980 /* test 2 */ = {
			isa = PBXNativeTarget;
			buildConfigurationList = 9E71987E1C87C76D00A4C980 /* Build configuration list for PBXNativeTarget "test 2" */;
			buildPhases = (
				9E7198681C87C76D00A4C980 /* Sources */,
				9E7198691C87C76D00A4C980 /* Frameworks */,
				9E71986A1C87C76D00A4C980 /* Resources */,
			);
			buildRules = (
			);
			dependencies = (
			);
			name = "test 2";
			productName = "test 2";
			productReference = 9E71986C1C87C76D00A4C980 /* test 2.app */;
			productType = "com.apple.product-type.application";
		};
/* End PBXNativeTarget section */

/* Begin PBXProject section */
		9E7198641C87C76D00A4C980 /* Project object */ = {
			isa = PBXProject;
			attributes = {
				LastSwiftUpdateCheck = 0720;
				LastUpgradeCheck = 0720;
				ORGANIZATIONNAME = "Akash Bhandari";
				TargetAttributes = {
					9E71986B1C87C76D00A4C980 = {
						CreatedOnToolsVersion = 7.2;
						DevelopmentTeam = ZR222K5J5L;
					};
				};
			};
			buildConfigurationList = 9E7198671C87C76D00A4C980 /* Build configuration list for PBXProject "test 2" */;
			compatibilityVersion = "Xcode 3.2";
			developmentRegion = English;
			hasScannedForEncodings = 0;
			knownRegions = (
				en,
				Base,
			);
			mainGroup = 9E7198631C87C76D00A4C980;
			productRefGroup = 9E71986D1C87C76D00A4C980 /* Products */;
			projectDirPath = "";
			projectRoot = "";
			targets = (
				9E71986B1C87C76D00A4C980 /* test 2 */,
			);
		};
/* End PBXProject section */

/* Begin PBXResourcesBuildPhase section */
		9E71986A1C87C76D00A4C980 /* Resources */ = {
			isa = PBXResourcesBuildPhase;
			buildActionMask = 2147483647;
			files = (
				9E71987A1C87C76D00A4C980 /* LaunchScreen.storyboard in Resources */,
				9E7198771C87C76D00A4C980 /* Assets.xcassets in Resources */,
				9E7198751C87C76D00A4C980 /* Main.storyboard in Resources */,
			);
			runOnlyForDeploymentPostprocessing = 0;
		};
/* End PBXResourcesBuildPhase section */

/* Begin PBXSourcesBuildPhase section */
		9E7198681C87C76D00A4C980 /* Sources */ = {
			isa = PBXSourcesBuildPhase;
			buildActionMask = 2147483647;
			files = (
				9E7198721C87C76D00A4C980 /* ViewController.swift in Sources */,
				9E7198701C87C76D00A4C980 /* AppDelegate.swift in Sources */,
			);
			runOnlyForDeploymentPostprocessing = 0;
		};
/* End PBXSourcesBuildPhase section */

/* Begin PBXVariantGroup section */
		9E7198731C87C76D00A4C980 /* Main.storyboard */ = {
			isa = PBXVariantGroup;
			children = (
				9E7198741C87C76D00A4C980 /* Base */,
			);
			name = Main.storyboard;
			sourceTree = "<group>";
		};
		9E7198781C87C76D00A4C980 /* LaunchScreen.storyboard */ = {
			isa = PBXVariantGroup;
			children = (
				9E7198791C87C76D00A4C980 /* Base */,
			);
			name = LaunchScreen.storyboard;
			sourceTree = "<group>";
		};
/* End PBXVariantGroup section */

/* Begin XCBuildConfiguration section */
		9E71987C1C87C76D00A4C980 /* Debug */ = {
			isa = XCBuildConfiguration;
			buildSettings = {
				ALWAYS_SEARCH_USER_PATHS = NO;
				CLANG_CXX_LANGUAGE_STANDARD = "gnu++0x";
				CLANG_CXX_LIBRARY = "libc++";
				CLANG_ENABLE_MODULES = YES;
				CLANG_ENABLE_OBJC_ARC = YES;
				CLANG_WARN_BOOL_CONVERSION = YES;
				CLANG_WARN_CONSTANT_CONVERSION = YES;
				CLANG_WARN_DIRECT_OBJC_ISA_USAGE = YES_ERROR;
				CLANG_WARN_EMPTY_BODY = YES;
				CLANG_WARN_ENUM_CONVERSION = YES;
				CLANG_WARN_INT_CONVERSION = YES;
				CLANG_WARN_OBJC_ROOT_CLASS = YES_ERROR;
				CLANG_WARN_UNREACHABLE_CODE = YES;
				CLANG_WARN__DUPLICATE_METHOD_MATCH = YES;
				"CODE_SIGN_IDENTITY[sdk=iphoneos*]" = "iPhone Developer";
				COPY_PHASE_STRIP = NO;
				DEBUG_INFORMATION_FORMAT = dwarf;
				ENABLE_STRICT_OBJC_MSGSEND = YES;
				ENABLE_TESTABILITY = YES;
				GCC_C_LANGUAGE_STANDARD = gnu99;
				GCC_DYNAMIC_NO_PIC = NO;
				GCC_NO_COMMON_BLOCKS = YES;
				GCC_OPTIMIZATION_LEVEL = 0;
				GCC_PREPROCESSOR_DEFINITIONS = (
					"DEBUG=1",
					"$(inherited)",
				);
				GCC_WARN_64_TO_32_BIT_CONVERSION = YES;
				GCC_WARN_ABOUT_RETURN_TYPE = YES_ERROR;
				GCC_WARN_UNDECLARED_SELECTOR = YES;
				GCC_WARN_UNINITIALIZED_AUTOS = YES_AGGRESSIVE;
				GCC_WARN_UNUSED_FUNCTION = YES;
				GCC_WARN_UNUSED_VARIABLE = YES;
				IPHONEOS_DEPLOYMENT_TARGET = 9.2;
				MTL_ENABLE_DEBUG_INFO = YES;
				ONLY_ACTIVE_ARCH = YES;
				SDKROOT = iphoneos;
				SWIFT_OPTIMIZATION_LEVEL = "-Onone";
				TARGETED_DEVICE_FAMILY = "1,2";
			};
			name = Debug;
		};
		9E71987D1C87C76D00A4C980 /* Release */ = {
			isa = XCBuildConfiguration;
			buildSettings = {
				ALWAYS_SEARCH_USER_PATHS = NO;
				CLANG_CXX_LANGUAGE_STANDARD = "gnu++0x";
				CLANG_CXX_LIBRARY = "libc++";
				CLANG_ENABLE_MODULES = YES;
				CLANG_ENABLE_OBJC_ARC = YES;
				CLANG_WARN_BOOL_CONVERSION = YES;
				CLANG_WARN_CONSTANT_CONVERSION = YES;
				CLANG_WARN_DIRECT_OBJC_ISA_USAGE = YES_ERROR;
				CLANG_WARN_EMPTY_BODY = YES;
				CLANG_WARN_ENUM_CONVERSION = YES;
				CLANG_WARN_INT_CONVERSION = YES;
				CLANG_WARN_OBJC_ROOT_CLASS = YES_ERROR;
				CLANG_WARN_UNREACHABLE_CODE = YES;
				CLANG_WARN__DUPLICATE_METHOD_MATCH = YES;
				"CODE_SIGN_IDENTITY[sdk=iphoneos*]" = "iPhone Developer";
				COPY_PHASE_STRIP = NO;
				DEBUG_INFORMATION_FORMAT = "dwarf-with-dsym";
				ENABLE_NS_ASSERTIONS = NO;
				ENABLE_STRICT_OBJC_MSGSEND = YES;
				GCC_C_LANGUAGE_STANDARD = gnu99;
				GCC_NO_COMMON_BLOCKS = YES;
				GCC_WARN_64_TO_32_BIT_CONVERSION = YES;
				GCC_WARN_ABOUT_RETURN_TYPE = YES_ERROR;
				GCC_WARN_UNDECLARED_SELECTOR = YES;
				GCC_WARN_UNINITIALIZED_AUTOS = YES_AGGRESSIVE;
				GCC_WARN_UNUSED_FUNCTION = YES;
				GCC_WARN_UNUSED_VARIABLE = YES;
				IPHONEOS_DEPLOYMENT_TARGET = 9.2;
				MTL_ENABLE_DEBUG_INFO = NO;
				SDKROOT = iphoneos;
				TARGETED_DEVICE_FAMILY = "1,2";
				VALIDATE_PRODUCT = YES;
			};
			name = Release;
		};
		9E71987F1C87C76D00A4C980 /* Debug */ = {
			isa = XCBuildConfiguration;
			buildSettings = {
				ASSETCATALOG_COMPILER_APPICON_NAME = AppIcon;
				INFOPLIST_FILE = "test 2/Info.plist";
				LD_RUNPATH_SEARCH_PATHS = "$(inherited) @executable_path/Frameworks";
				PRODUCT_BUNDLE_IDENTIFIER = "BenningtonCS.test-2";
				PRODUCT_NAME = "$(TARGET_NAME)";
			};
			name = Debug;
		};
		9E7198801C87C76D00A4C980 /* Release */ = {
			isa = XCBuildConfiguration;
			buildSettings = {
				ASSETCATALOG_COMPILER_APPICON_NAME = AppIcon;
				INFOPLIST_FILE = "test 2/Info.plist";
				LD_RUNPATH_SEARCH_PATHS = "$(inherited) @executable_path/Frameworks";
				PRODUCT_BUNDLE_IDENTIFIER = "BenningtonCS.test-2";
				PRODUCT_NAME = "$(TARGET_NAME)";
			};
			name = Release;
		};
/* End XCBuildConfiguration section */

/* Begin XCConfigurationList section */
		9E7198671C87C76D00A4C980 /* Build configuration list for PBXProject "test 2" */ = {
			isa = XCConfigurationList;
			buildConfigurations = (
				9E71987C1C87C76D00A4C980 /* Debug */,
				9E71987D1C87C76D00A4C980 /* Release */,
			);
			defaultConfigurationIsVisible = 0;
			defaultConfigurationName = Release;
		};
		9E71987E1C87C76D00A4C980 /* Build configuration list for PBXNativeTarget "test 2" */ = {
			isa = XCConfigurationList;
			buildConfigurations = (
				9E71987F1C87C76D00A4C980 /* Debug */,
				9E7198801C87C76D00A4C980 /* Release */,
			);
			defaultConfigurationIsVisible = 0;
		};
/* End XCConfigurationList section */
	};
	rootObject = 9E7198641C87C76D00A4C980 /* Project object */;
}
